
Microsoft Visual Studio Solution File, Format Version 12.00
# Visual Studio Version 16
VisualStudioVersion = 16.0.30114.105
MinimumVisualStudioVersion = 10.0.40219.1
Project("{FAE04EC0-301F-11D3-BF4B-00C04F79EFBC}") = "Test01", "Test01\Test01.csproj", "{6E5D2147-FEA4-4BE7-A99B-53C5D024FF64}"
EndProject
Global
	GlobalSection(SolutionConfigurationPlatforms) = preSolution
		Debug|Any CPU = Debug|Any CPU
		Release|Any CPU = Release|Any CPU
	EndGlobalSection
	GlobalSection(ProjectConfigurationPlatforms) = postSolution
		{6E5D2147-FEA4-4BE7-A99B-53C5D024FF64}.Debug|Any CPU.ActiveCfg = Debug|Any CPU
		{6E5D2147-FEA4-4BE7-A99B-53C5D024FF64}.Debug|Any CPU.Build.0 = Debug|Any CPU
		{6E5D2147-FEA4-4BE7-A99B-53C5D024FF64}.Release|Any CPU.ActiveCfg = Release|Any CPU
		{6E5D2147-FEA4-4BE7-A99B-53C5D024FF64}.Release|Any CPU.Build.0 = Release|Any CPU
	EndGlobalSection
	GlobalSection(SolutionProperties) = preSolution
		HideSolutionNode = FALSE
	EndGlobalSection
	GlobalSection(ExtensibilityGlobals) = postSolution
		SolutionGuid = {42008499-9902-4463-B057-A4B3A2A5ED72}
	EndGlobalSection
EndGlobal
